
Microsoft Visual Studio Solution File, Format Version 12.00
# Visual Studio Version 17
VisualStudioVersion = 17.4.33110.190
MinimumVisualStudioVersion = 10.0.40219.1
Project("{FAE04EC0-301F-11D3-BF4B-00C04F79EFBC}") = "Thrediky", "Thrediky\Thrediky.csproj", "{0E1DEAEA-92AA-43AC-95E4-E93E56C29E02}"
EndProject
Global
	GlobalSection(SolutionConfigurationPlatforms) = preSolution
		Debug|Any CPU = Debug|Any CPU
		Release|Any CPU = Release|Any CPU
	EndGlobalSection
	GlobalSection(ProjectConfigurationPlatforms) = postSolution
		{0E1DEAEA-92AA-43AC-95E4-E93E56C29E02}.Debug|Any CPU.ActiveCfg = Debug|Any CPU
		{0E1DEAEA-92AA-43AC-95E4-E93E56C29E02}.Debug|Any CPU.Build.0 = Debug|Any CPU
		{0E1DEAEA-92AA-43AC-95E4-E93E56C29E02}.Release|Any CPU.ActiveCfg = Release|Any CPU
		{0E1DEAEA-92AA-43AC-95E4-E93E56C29E02}.Release|Any CPU.Build.0 = Release|Any CPU
	EndGlobalSection
	GlobalSection(SolutionProperties) = preSolution
		HideSolutionNode = FALSE
	EndGlobalSection
	GlobalSection(ExtensibilityGlobals) = postSolution
		SolutionGuid = {EF439DC8-A73A-4C11-BB12-85CE0E264BCA}
	EndGlobalSection
EndGlobal
